PODS:
  - FaveButton (2.0.3)
  - pop (1.0.9)
  - SQLite.swift (0.11.2):
    - SQLite.swift/standard (= 0.11.2)
  - SQLite.swift/standard (0.11.2)
  - YouTubePlayer (0.4.0)

DEPENDENCIES:
  - FaveButton (~> 2.0.3)
  - pop (~> 1.0)
  - SQLite.swift (~> 0.11.2)
  - YouTubePlayer

SPEC CHECKSUMS:
  FaveButton: cfcbc5e73da159c4f916613da5687357b5bb4783
  pop: f667631a5108a2e60d9e8797c9b32ddaf2080bce
  SQLite.swift: 670c3e9e0a806bbfd56a3de5d530768dc0e6fe7c
  YouTubePlayer: 028451f6772f372d4759866db99824c676ac1473

PODFILE CHECKSUM: 872143c66702393c6ecd18b223c8b937a0c622b2

COCOAPODS: 1.2.1
