// !$*UTF8*$!
{
	archiveVersion = 1;
	classes = {
	};
	objectVersion = 46;
	objects = {

/* Begin PBXBuildFile section */
		4C3733561EF4275F00975977 /* AppDelegate.swift in Sources */ = {isa = PBXBuildFile; fileRef = 4C3733551EF4275F00975977 /* AppDelegate.swift */; };
		4C3733581EF4275F00975977 /* ViewController.swift in Sources */ = {isa = PBXBuildFile; fileRef = 4C3733571EF4275F00975977 /* ViewController.swift */; };
		4C37337D1EF4279A00975977 /* Assets.xcassets in Resources */ = {isa = PBXBuildFile; fileRef = 4C3733691EF4279A00975977 /* Assets.xcassets */; };
		4C37337E1EF4279A00975977 /* LaunchScreen.storyboard in Resources */ = {isa = PBXBuildFile; fileRef = 4C37336A1EF4279A00975977 /* LaunchScreen.storyboard */; };
		4C37337F1EF4279A00975977 /* Main.storyboard in Resources */ = {isa = PBXBuildFile; fileRef = 4C37336C1EF4279A00975977 /* Main.storyboard */; };
		4C3733801EF4279A00975977 /* CarouselItem.xib in Resources */ = {isa = PBXBuildFile; fileRef = 4C37336E1EF4279A00975977 /* CarouselItem.xib */; };
		4C3733811EF4279A00975977 /* databaseLink.swift in Sources */ = {isa = PBXBuildFile; fileRef = 4C37336F1EF4279A00975977 /* databaseLink.swift */; };
		4C3733821EF4279A00975977 /* FavoritesCVC.swift in Sources */ = {isa = PBXBuildFile; fileRef = 4C3733701EF4279A00975977 /* FavoritesCVC.swift */; };
		4C3733831EF4279A00975977 /* favoriteVC.swift in Sources */ = {isa = PBXBuildFile; fileRef = 4C3733711EF4279A00975977 /* favoriteVC.swift */; };
		4C3733841EF4279A00975977 /* iCarousel.m in Sources */ = {isa = PBXBuildFile; fileRef = 4C3733741EF4279A00975977 /* iCarousel.m */; };
		4C3733861EF4279A00975977 /* MovieDetailVC.swift in Sources */ = {isa = PBXBuildFile; fileRef = 4C3733761EF4279A00975977 /* MovieDetailVC.swift */; };
		4C3733871EF4279A00975977 /* MovieListTVC.swift in Sources */ = {isa = PBXBuildFile; fileRef = 4C3733771EF4279A00975977 /* MovieListTVC.swift */; };
		4C3733881EF4279A00975977 /* MovieModel.swift in Sources */ = {isa = PBXBuildFile; fileRef = 4C3733781EF4279A00975977 /* MovieModel.swift */; };
		4C3733891EF4279A00975977 /* SettingsTVC.swift in Sources */ = {isa = PBXBuildFile; fileRef = 4C3733791EF4279A00975977 /* SettingsTVC.swift */; };
		4C37338A1EF4279A00975977 /* SplashViewController.swift in Sources */ = {isa = PBXBuildFile; fileRef = 4C37337A1EF4279A00975977 /* SplashViewController.swift */; };
/* End PBXBuildFile section */

/* Begin PBXFileReference section */
		4C3733521EF4275F00975977 /* iGMDb.app */ = {isa = PBXFileReference; explicitFileType = wrapper.application; includeInIndex = 0; path = iGMDb.app; sourceTree = BUILT_PRODUCTS_DIR; };
		4C3733551EF4275F00975977 /* AppDelegate.swift */ = {isa = PBXFileReference; lastKnownFileType = sourcecode.swift; path = AppDelegate.swift; sourceTree = "<group>"; };
		4C3733571EF4275F00975977 /* ViewController.swift */ = {isa = PBXFileReference; lastKnownFileType = sourcecode.swift; path = ViewController.swift; sourceTree = "<group>"; };
		4C3733611EF4275F00975977 /* Info.plist */ = {isa = PBXFileReference; lastKnownFileType = text.plist.xml; path = Info.plist; sourceTree = "<group>"; };
		4C3733691EF4279A00975977 /* Assets.xcassets */ = {isa = PBXFileReference; lastKnownFileType = folder.assetcatalog; name = Assets.xcassets; path = ../GoodMovieApplication/Assets.xcassets; sourceTree = "<group>"; };
		4C37336B1EF4279A00975977 /* Base */ = {isa = PBXFileReference; lastKnownFileType = file.storyboard; name = Base; path = Base.lproj/LaunchScreen.storyboard; sourceTree = "<group>"; };
		4C37336D1EF4279A00975977 /* Base */ = {isa = PBXFileReference; lastKnownFileType = file.storyboard; name = Base; path = Base.lproj/Main.storyboard; sourceTree = "<group>"; };
		4C37336E1EF4279A00975977 /* CarouselItem.xib */ = {isa = PBXFileReference; fileEncoding = 4; lastKnownFileType = file.xib; name = CarouselItem.xib; path = ../GoodMovieApplication/CarouselItem.xib; sourceTree = "<group>"; };
		4C37336F1EF4279A00975977 /* databaseLink.swift */ = {isa = PBXFileReference; fileEncoding = 4; lastKnownFileType = sourcecode.swift; name = databaseLink.swift; path = ../GoodMovieApplication/databaseLink.swift; sourceTree = "<group>"; };
		4C3733701EF4279A00975977 /* FavoritesCVC.swift */ = {isa = PBXFileReference; fileEncoding = 4; lastKnownFileType = sourcecode.swift; name = FavoritesCVC.swift; path = ../GoodMovieApplication/FavoritesCVC.swift; sourceTree = "<group>"; };
		4C3733711EF4279A00975977 /* favoriteVC.swift */ = {isa = PBXFileReference; fileEncoding = 4; lastKnownFileType = sourcecode.swift; name = favoriteVC.swift; path = ../GoodMovieApplication/favoriteVC.swift; sourceTree = "<group>"; };
		4C3733721EF4279A00975977 /* GoodMovieApplication-Bridging-Header.h */ = {isa = PBXFileReference; fileEncoding = 4; lastKnownFileType = sourcecode.c.h; name = "GoodMovieApplication-Bridging-Header.h"; path = "../GoodMovieApplication/GoodMovieApplication-Bridging-Header.h"; sourceTree = "<group>"; };
		4C3733731EF4279A00975977 /* iCarousel.h */ = {isa = PBXFileReference; fileEncoding = 4; lastKnownFileType = sourcecode.c.h; name = iCarousel.h; path = ../GoodMovieApplication/iCarousel.h; sourceTree = "<group>"; };
		4C3733741EF4279A00975977 /* iCarousel.m */ = {isa = PBXFileReference; fileEncoding = 4; lastKnownFileType = sourcecode.c.objc; name = iCarousel.m; path = ../GoodMovieApplication/iCarousel.m; sourceTree = "<group>"; };
		4C3733761EF4279A00975977 /* MovieDetailVC.swift */ = {isa = PBXFileReference; fileEncoding = 4; lastKnownFileType = sourcecode.swift; name = MovieDetailVC.swift; path = ../GoodMovieApplication/MovieDetailVC.swift; sourceTree = "<group>"; };
		4C3733771EF4279A00975977 /* MovieListTVC.swift */ = {isa = PBXFileReference; fileEncoding = 4; lastKnownFileType = sourcecode.swift; name = MovieListTVC.swift; path = ../GoodMovieApplication/MovieListTVC.swift; sourceTree = "<group>"; };
		4C3733781EF4279A00975977 /* MovieModel.swift */ = {isa = PBXFileReference; fileEncoding = 4; lastKnownFileType = sourcecode.swift; name = MovieModel.swift; path = ../GoodMovieApplication/MovieModel.swift; sourceTree = "<group>"; };
		4C3733791EF4279A00975977 /* SettingsTVC.swift */ = {isa = PBXFileReference; fileEncoding = 4; lastKnownFileType = sourcecode.swift; name = SettingsTVC.swift; path = ../GoodMovieApplication/SettingsTVC.swift; sourceTree = "<group>"; };
		4C37337A1EF4279A00975977 /* SplashViewController.swift */ = {isa = PBXFileReference; fileEncoding = 4; lastKnownFileType = sourcecode.swift; name = SplashViewController.swift; path = ../GoodMovieApplication/SplashViewController.swift; sourceTree = "<group>"; };
/* End PBXFileReference section */

/* Begin PBXFrameworksBuildPhase section */
		4C37334F1EF4275F00975977 /* Frameworks */ = {
			isa = PBXFrameworksBuildPhase;
			buildActionMask = 2147483647;
			files = (
			);
			runOnlyForDeploymentPostprocessing = 0;
		};
/* End PBXFrameworksBuildPhase section */

/* Begin PBXGroup section */
		4C3733491EF4275F00975977 = {
			isa = PBXGroup;
			children = (
				4C3733541EF4275F00975977 /* iGMDb */,
				4C3733531EF4275F00975977 /* Products */,
			);
			sourceTree = "<group>";
		};
		4C3733531EF4275F00975977 /* Products */ = {
			isa = PBXGroup;
			children = (
				4C3733521EF4275F00975977 /* iGMDb.app */,
			);
			name = Products;
			sourceTree = "<group>";
		};
		4C3733541EF4275F00975977 /* iGMDb */ = {
			isa = PBXGroup;
			children = (
				4C3733691EF4279A00975977 /* Assets.xcassets */,
				4C37336A1EF4279A00975977 /* LaunchScreen.storyboard */,
				4C3733551EF4275F00975977 /* AppDelegate.swift */,
				4C3733571EF4275F00975977 /* ViewController.swift */,
				4C37336E1EF4279A00975977 /* CarouselItem.xib */,
				4C37336F1EF4279A00975977 /* databaseLink.swift */,
				4C3733701EF4279A00975977 /* FavoritesCVC.swift */,
				4C3733711EF4279A00975977 /* favoriteVC.swift */,
				4C3733721EF4279A00975977 /* GoodMovieApplication-Bridging-Header.h */,
				4C3733731EF4279A00975977 /* iCarousel.h */,
				4C3733741EF4279A00975977 /* iCarousel.m */,
				4C3733761EF4279A00975977 /* MovieDetailVC.swift */,
				4C3733771EF4279A00975977 /* MovieListTVC.swift */,
				4C3733781EF4279A00975977 /* MovieModel.swift */,
				4C3733791EF4279A00975977 /* SettingsTVC.swift */,
				4C37337A1EF4279A00975977 /* SplashViewController.swift */,
				4C37336C1EF4279A00975977 /* Main.storyboard */,
				4C3733611EF4275F00975977 /* Info.plist */,
			);
			path = iGMDb;
			sourceTree = "<group>";
		};
/* End PBXGroup section */

/* Begin PBXNativeTarget section */
		4C3733511EF4275F00975977 /* iGMDb */ = {
			isa = PBXNativeTarget;
			buildConfigurationList = 4C3733641EF4275F00975977 /* Build configuration list for PBXNativeTarget "iGMDb" */;
			buildPhases = (
				4C37334E1EF4275F00975977 /* Sources */,
				4C37334F1EF4275F00975977 /* Frameworks */,
				4C3733501EF4275F00975977 /* Resources */,
			);
			buildRules = (
			);
			dependencies = (
			);
			name = iGMDb;
			productName = iGMDb;
			productReference = 4C3733521EF4275F00975977 /* iGMDb.app */;
			productType = "com.apple.product-type.application";
		};
/* End PBXNativeTarget section */

/* Begin PBXProject section */
		4C37334A1EF4275F00975977 /* Project object */ = {
			isa = PBXProject;
			attributes = {
				LastSwiftUpdateCheck = 0810;
				LastUpgradeCheck = 0810;
				ORGANIZATIONNAME = epita;
				TargetAttributes = {
					4C3733511EF4275F00975977 = {
						CreatedOnToolsVersion = 8.1;
						ProvisioningStyle = Automatic;
					};
				};
			};
			buildConfigurationList = 4C37334D1EF4275F00975977 /* Build configuration list for PBXProject "iGMDb" */;
			compatibilityVersion = "Xcode 3.2";
			developmentRegion = English;
			hasScannedForEncodings = 0;
			knownRegions = (
				en,
				Base,
			);
			mainGroup = 4C3733491EF4275F00975977;
			productRefGroup = 4C3733531EF4275F00975977 /* Products */;
			projectDirPath = "";
			projectRoot = "";
			targets = (
				4C3733511EF4275F00975977 /* iGMDb */,
			);
		};
/* End PBXProject section */

/* Begin PBXResourcesBuildPhase section */
		4C3733501EF4275F00975977 /* Resources */ = {
			isa = PBXResourcesBuildPhase;
			buildActionMask = 2147483647;
			files = (
				4C3733801EF4279A00975977 /* CarouselItem.xib in Resources */,
				4C37337D1EF4279A00975977 /* Assets.xcassets in Resources */,
				4C37337F1EF4279A00975977 /* Main.storyboard in Resources */,
				4C37337E1EF4279A00975977 /* LaunchScreen.storyboard in Resources */,
			);
			runOnlyForDeploymentPostprocessing = 0;
		};
/* End PBXResourcesBuildPhase section */

/* Begin PBXSourcesBuildPhase section */
		4C37334E1EF4275F00975977 /* Sources */ = {
			isa = PBXSourcesBuildPhase;
			buildActionMask = 2147483647;
			files = (
				4C3733871EF4279A00975977 /* MovieListTVC.swift in Sources */,
				4C3733811EF4279A00975977 /* databaseLink.swift in Sources */,
				4C3733881EF4279A00975977 /* MovieModel.swift in Sources */,
				4C37338A1EF4279A00975977 /* SplashViewController.swift in Sources */,
				4C3733821EF4279A00975977 /* FavoritesCVC.swift in Sources */,
				4C3733861EF4279A00975977 /* MovieDetailVC.swift in Sources */,
				4C3733891EF4279A00975977 /* SettingsTVC.swift in Sources */,
				4C3733831EF4279A00975977 /* favoriteVC.swift in Sources */,
				4C3733581EF4275F00975977 /* ViewController.swift in Sources */,
				4C3733841EF4279A00975977 /* iCarousel.m in Sources */,
				4C3733561EF4275F00975977 /* AppDelegate.swift in Sources */,
			);
			runOnlyForDeploymentPostprocessing = 0;
		};
/* End PBXSourcesBuildPhase section */

/* Begin PBXVariantGroup section */
		4C37336A1EF4279A00975977 /* LaunchScreen.storyboard */ = {
			isa = PBXVariantGroup;
			children = (
				4C37336B1EF4279A00975977 /* Base */,
			);
			name = LaunchScreen.storyboard;
			path = ../GoodMovieApplication;
			sourceTree = "<group>";
		};
		4C37336C1EF4279A00975977 /* Main.storyboard */ = {
			isa = PBXVariantGroup;
			children = (
				4C37336D1EF4279A00975977 /* Base */,
			);
			name = Main.storyboard;
			path = ../GoodMovieApplication;
			sourceTree = "<group>";
		};
/* End PBXVariantGroup section */

/* Begin XCBuildConfiguration section */
		4C3733621EF4275F00975977 /* Debug */ = {
			isa = XCBuildConfiguration;
			buildSettings = {
				ALWAYS_SEARCH_USER_PATHS = NO;
				CLANG_ANALYZER_NONNULL = YES;
				CLANG_CXX_LANGUAGE_STANDARD = "gnu++0x";
				CLANG_CXX_LIBRARY = "libc++";
				CLANG_ENABLE_MODULES = YES;
				CLANG_ENABLE_OBJC_ARC = YES;
				CLANG_WARN_BOOL_CONVERSION = YES;
				CLANG_WARN_CONSTANT_CONVERSION = YES;
				CLANG_WARN_DIRECT_OBJC_ISA_USAGE = YES_ERROR;
				CLANG_WARN_DOCUMENTATION_COMMENTS = YES;
				CLANG_WARN_EMPTY_BODY = YES;
				CLANG_WARN_ENUM_CONVERSION = YES;
				CLANG_WARN_INFINITE_RECURSION = YES;
				CLANG_WARN_INT_CONVERSION = YES;
				CLANG_WARN_OBJC_ROOT_CLASS = YES_ERROR;
				CLANG_WARN_SUSPICIOUS_MOVES = YES;
				CLANG_WARN_UNREACHABLE_CODE = YES;
				CLANG_WARN__DUPLICATE_METHOD_MATCH = YES;
				"CODE_SIGN_IDENTITY[sdk=iphoneos*]" = "iPhone Developer";
				COPY_PHASE_STRIP = NO;
				DEBUG_INFORMATION_FORMAT = dwarf;
				ENABLE_STRICT_OBJC_MSGSEND = YES;
				ENABLE_TESTABILITY = YES;
				GCC_C_LANGUAGE_STANDARD = gnu99;
				GCC_DYNAMIC_NO_PIC = NO;
				GCC_NO_COMMON_BLOCKS = YES;
				GCC_OPTIMIZATION_LEVEL = 0;
				GCC_PREPROCESSOR_DEFINITIONS = (
					"DEBUG=1",
					"$(inherited)",
				);
				GCC_WARN_64_TO_32_BIT_CONVERSION = YES;
				GCC_WARN_ABOUT_RETURN_TYPE = YES_ERROR;
				GCC_WARN_UNDECLARED_SELECTOR = YES;
				GCC_WARN_UNINITIALIZED_AUTOS = YES_AGGRESSIVE;
				GCC_WARN_UNUSED_FUNCTION = YES;
				GCC_WARN_UNUSED_VARIABLE = YES;
				IPHONEOS_DEPLOYMENT_TARGET = 10.1;
				MTL_ENABLE_DEBUG_INFO = YES;
				ONLY_ACTIVE_ARCH = YES;
				SDKROOT = iphoneos;
				SWIFT_ACTIVE_COMPILATION_CONDITIONS = DEBUG;
				SWIFT_OPTIMIZATION_LEVEL = "-Onone";
				TARGETED_DEVICE_FAMILY = "1,2";
			};
			name = Debug;
		};
		4C3733631EF4275F00975977 /* Release */ = {
			isa = XCBuildConfiguration;
			buildSettings = {
				ALWAYS_SEARCH_USER_PATHS = NO;
				CLANG_ANALYZER_NONNULL = YES;
				CLANG_CXX_LANGUAGE_STANDARD = "gnu++0x";
				CLANG_CXX_LIBRARY = "libc++";
				CLANG_ENABLE_MODULES = YES;
				CLANG_ENABLE_OBJC_ARC = YES;
				CLANG_WARN_BOOL_CONVERSION = YES;
				CLANG_WARN_CONSTANT_CONVERSION = YES;
				CLANG_WARN_DIRECT_OBJC_ISA_USAGE = YES_ERROR;
				CLANG_WARN_DOCUMENTATION_COMMENTS = YES;
				CLANG_WARN_EMPTY_BODY = YES;
				CLANG_WARN_ENUM_CONVERSION = YES;
				CLANG_WARN_INFINITE_RECURSION = YES;
				CLANG_WARN_INT_CONVERSION = YES;
				CLANG_WARN_OBJC_ROOT_CLASS = YES_ERROR;
				CLANG_WARN_SUSPICIOUS_MOVES = YES;
				CLANG_WARN_UNREACHABLE_CODE = YES;
				CLANG_WARN__DUPLICATE_METHOD_MATCH = YES;
				"CODE_SIGN_IDENTITY[sdk=iphoneos*]" = "iPhone Developer";
				COPY_PHASE_STRIP = NO;
				DEBUG_INFORMATION_FORMAT = "dwarf-with-dsym";
				ENABLE_NS_ASSERTIONS = NO;
				ENABLE_STRICT_OBJC_MSGSEND = YES;
				GCC_C_LANGUAGE_STANDARD = gnu99;
				GCC_NO_COMMON_BLOCKS = YES;
				GCC_WARN_64_TO_32_BIT_CONVERSION = YES;
				GCC_WARN_ABOUT_RETURN_TYPE = YES_ERROR;
				GCC_WARN_UNDECLARED_SELECTOR = YES;
				GCC_WARN_UNINITIALIZED_AUTOS = YES_AGGRESSIVE;
				GCC_WARN_UNUSED_FUNCTION = YES;
				GCC_WARN_UNUSED_VARIABLE = YES;
				IPHONEOS_DEPLOYMENT_TARGET = 10.1;
				MTL_ENABLE_DEBUG_INFO = NO;
				SDKROOT = iphoneos;
				SWIFT_OPTIMIZATION_LEVEL = "-Owholemodule";
				TARGETED_DEVICE_FAMILY = "1,2";
				VALIDATE_PRODUCT = YES;
			};
			name = Release;
		};
		4C3733651EF4275F00975977 /* Debug */ = {
			isa = XCBuildConfiguration;
			buildSettings = {
				ASSETCATALOG_COMPILER_APPICON_NAME = AppIcon;
				INFOPLIST_FILE = iGMDb/Info.plist;
				LD_RUNPATH_SEARCH_PATHS = "$(inherited) @executable_path/Frameworks";
				PRODUCT_BUNDLE_IDENTIFIER = com.epita.iGMDb;
				PRODUCT_NAME = "$(TARGET_NAME)";
				SWIFT_VERSION = 3.0;
			};
			name = Debug;
		};
		4C3733661EF4275F00975977 /* Release */ = {
			isa = XCBuildConfiguration;
			buildSettings = {
				ASSETCATALOG_COMPILER_APPICON_NAME = AppIcon;
				INFOPLIST_FILE = iGMDb/Info.plist;
				LD_RUNPATH_SEARCH_PATHS = "$(inherited) @executable_path/Frameworks";
				PRODUCT_BUNDLE_IDENTIFIER = com.epita.iGMDb;
				PRODUCT_NAME = "$(TARGET_NAME)";
				SWIFT_VERSION = 3.0;
			};
			name = Release;
		};
/* End XCBuildConfiguration section */

/* Begin XCConfigurationList section */
		4C37334D1EF4275F00975977 /* Build configuration list for PBXProject "iGMDb" */ = {
			isa = XCConfigurationList;
			buildConfigurations = (
				4C3733621EF4275F00975977 /* Debug */,
				4C3733631EF4275F00975977 /* Release */,
			);
			defaultConfigurationIsVisible = 0;
			defaultConfigurationName = Release;
		};
		4C3733641EF4275F00975977 /* Build configuration list for PBXNativeTarget "iGMDb" */ = {
			isa = XCConfigurationList;
			buildConfigurations = (
				4C3733651EF4275F00975977 /* Debug */,
				4C3733661EF4275F00975977 /* Release */,
			);
			defaultConfigurationIsVisible = 0;
		};
/* End XCConfigurationList section */
	};
	rootObject = 4C37334A1EF4275F00975977 /* Project object */;
}
