// !$*UTF8*$!
{
	archiveVersion = 1;
	classes = {
	};
	objectVersion = 46;
	objects = {

/* Begin PBXBuildFile section */
		48390AD41EF6DA2400F71414 /* FBSDKCoreKit.framework in Frameworks */ = {isa = PBXBuildFile; fileRef = 48390AD31EF6DA2400F71414 /* FBSDKCoreKit.framework */; };
		48390AD61EF6DA2700F71414 /* FBSDKLoginKit.framework in Frameworks */ = {isa = PBXBuildFile; fileRef = 48390AD51EF6DA2700F71414 /* FBSDKLoginKit.framework */; };
		48390AD81EF6DA2A00F71414 /* FBSDKShareKit.framework in Frameworks */ = {isa = PBXBuildFile; fileRef = 48390AD71EF6DA2A00F71414 /* FBSDKShareKit.framework */; };
		48390ADA1EF6DA3000F71414 /* Bolts.framework in Frameworks */ = {isa = PBXBuildFile; fileRef = 48390AD91EF6DA3000F71414 /* Bolts.framework */; };
		48390ADD1EF6EE7800F71414 /* FBSDKMessengerShareKit.framework in Frameworks */ = {isa = PBXBuildFile; fileRef = 48390ADC1EF6EE7800F71414 /* FBSDKMessengerShareKit.framework */; };
		48B7AE361EF745B900E6050D /* SearchListItemCell.xib in Resources */ = {isa = PBXBuildFile; fileRef = 48B7AE351EF745B900E6050D /* SearchListItemCell.xib */; };
		48B7AE381EF748A800E6050D /* SearchCollectionViewCell.swift in Sources */ = {isa = PBXBuildFile; fileRef = 48B7AE371EF748A800E6050D /* SearchCollectionViewCell.swift */; };
		48BD83E01EF5BBCD00E5A06B /* ListItemViewCell.xib in Resources */ = {isa = PBXBuildFile; fileRef = 48BD83DF1EF5BBCD00E5A06B /* ListItemViewCell.xib */; };
		48D701B61EF4741200FD0EE8 /* iCarousel.m in Sources */ = {isa = PBXBuildFile; fileRef = 48D701B41EF4741200FD0EE8 /* iCarousel.m */; };
		4C3733561EF4275F00975977 /* AppDelegate.swift in Sources */ = {isa = PBXBuildFile; fileRef = 4C3733551EF4275F00975977 /* AppDelegate.swift */; };
		4C37337D1EF4279A00975977 /* Assets.xcassets in Resources */ = {isa = PBXBuildFile; fileRef = 4C3733691EF4279A00975977 /* Assets.xcassets */; };
		4C37337E1EF4279A00975977 /* LaunchScreen.storyboard in Resources */ = {isa = PBXBuildFile; fileRef = 4C37336A1EF4279A00975977 /* LaunchScreen.storyboard */; };
		4C37337F1EF4279A00975977 /* Main.storyboard in Resources */ = {isa = PBXBuildFile; fileRef = 4C37336C1EF4279A00975977 /* Main.storyboard */; };
		4C3733801EF4279A00975977 /* CarouselItem.xib in Resources */ = {isa = PBXBuildFile; fileRef = 4C37336E1EF4279A00975977 /* CarouselItem.xib */; };
		4C3733811EF4279A00975977 /* databaseLink.swift in Sources */ = {isa = PBXBuildFile; fileRef = 4C37336F1EF4279A00975977 /* databaseLink.swift */; };
		4C3733821EF4279A00975977 /* FavoritesCVC.swift in Sources */ = {isa = PBXBuildFile; fileRef = 4C3733701EF4279A00975977 /* FavoritesCVC.swift */; };
		4C3733831EF4279A00975977 /* favoriteVC.swift in Sources */ = {isa = PBXBuildFile; fileRef = 4C3733711EF4279A00975977 /* favoriteVC.swift */; };
		4C3733861EF4279A00975977 /* MovieDetailVC.swift in Sources */ = {isa = PBXBuildFile; fileRef = 4C3733761EF4279A00975977 /* MovieDetailVC.swift */; };
		4C3733871EF4279A00975977 /* MovieListTVC.swift in Sources */ = {isa = PBXBuildFile; fileRef = 4C3733771EF4279A00975977 /* MovieListTVC.swift */; };
		4C3733881EF4279A00975977 /* MovieModel.swift in Sources */ = {isa = PBXBuildFile; fileRef = 4C3733781EF4279A00975977 /* MovieModel.swift */; };
		4C3733891EF4279A00975977 /* SettingsTVC.swift in Sources */ = {isa = PBXBuildFile; fileRef = 4C3733791EF4279A00975977 /* SettingsTVC.swift */; };
		4C37338A1EF4279A00975977 /* SplashViewController.swift in Sources */ = {isa = PBXBuildFile; fileRef = 4C37337A1EF4279A00975977 /* SplashViewController.swift */; };
		78D77A873FB9F0DA8F55B97B /* Pods_iGMDb.framework in Frameworks */ = {isa = PBXBuildFile; fileRef = 89350CE34E8CB7DFA9B95F5C /* Pods_iGMDb.framework */; };
		841C270B1EF523F500FB8A7A /* MovieTableViewCell.swift in Sources */ = {isa = PBXBuildFile; fileRef = 841C270A1EF523F500FB8A7A /* MovieTableViewCell.swift */; };
		84E3C5341EF43A7F001088B0 /* SQLite.framework in Frameworks */ = {isa = PBXBuildFile; fileRef = 84E3C5321EF43A7F001088B0 /* SQLite.framework */; };
		84E3C5351EF43A7F001088B0 /* YouTubePlayer.framework in Frameworks */ = {isa = PBXBuildFile; fileRef = 84E3C5331EF43A7F001088B0 /* YouTubePlayer.framework */; };
		84E3C5371EF43A86001088B0 /* QuartzCore.framework in Frameworks */ = {isa = PBXBuildFile; fileRef = 84E3C5361EF43A86001088B0 /* QuartzCore.framework */; };
/* End PBXBuildFile section */

/* Begin PBXFileReference section */
		0E3752BF2E14F69DD3CF2C88 /* Pods-iGMDb.release.xcconfig */ = {isa = PBXFileReference; includeInIndex = 1; lastKnownFileType = text.xcconfig; name = "Pods-iGMDb.release.xcconfig"; path = "../Pods/Target Support Files/Pods-iGMDb/Pods-iGMDb.release.xcconfig"; sourceTree = "<group>"; };
		48390AD31EF6DA2400F71414 /* FBSDKCoreKit.framework */ = {isa = PBXFileReference; lastKnownFileType = wrapper.framework; name = FBSDKCoreKit.framework; path = ../Pods/FBSDKCoreKit.framework; sourceTree = "<group>"; };
		48390AD51EF6DA2700F71414 /* FBSDKLoginKit.framework */ = {isa = PBXFileReference; lastKnownFileType = wrapper.framework; name = FBSDKLoginKit.framework; path = ../Pods/FBSDKLoginKit.framework; sourceTree = "<group>"; };
		48390AD71EF6DA2A00F71414 /* FBSDKShareKit.framework */ = {isa = PBXFileReference; lastKnownFileType = wrapper.framework; name = FBSDKShareKit.framework; path = ../Pods/FBSDKShareKit.framework; sourceTree = "<group>"; };
		48390AD91EF6DA3000F71414 /* Bolts.framework */ = {isa = PBXFileReference; lastKnownFileType = wrapper.framework; name = Bolts.framework; path = ../Pods/Bolts.framework; sourceTree = "<group>"; };
		48390ADC1EF6EE7800F71414 /* FBSDKMessengerShareKit.framework */ = {isa = PBXFileReference; lastKnownFileType = wrapper.framework; name = FBSDKMessengerShareKit.framework; path = ../Pods/FBSDKMessengerShareKit.framework; sourceTree = "<group>"; };
		48B7AE351EF745B900E6050D /* SearchListItemCell.xib */ = {isa = PBXFileReference; fileEncoding = 4; lastKnownFileType = file.xib; name = SearchListItemCell.xib; path = ../../../iGMDB/iGMDb/Storyboards/SearchListItemCell.xib; sourceTree = "<group>"; };
		48B7AE371EF748A800E6050D /* SearchCollectionViewCell.swift */ = {isa = PBXFileReference; fileEncoding = 4; lastKnownFileType = sourcecode.swift; name = SearchCollectionViewCell.swift; path = ../../../iGMDB/iGMDb/Movies/SearchCollectionViewCell.swift; sourceTree = "<group>"; };
		48BD83DF1EF5BBCD00E5A06B /* ListItemViewCell.xib */ = {isa = PBXFileReference; fileEncoding = 4; lastKnownFileType = file.xib; name = ListItemViewCell.xib; path = ../../../iGMDB/iGMDb/Storyboards/ListItemViewCell.xib; sourceTree = "<group>"; };
		48D701B31EF4741100FD0EE8 /* iGMDb-Bridging-Header.h */ = {isa = PBXFileReference; lastKnownFileType = sourcecode.c.h; path = "iGMDb-Bridging-Header.h"; sourceTree = "<group>"; };
		48D701B41EF4741200FD0EE8 /* iCarousel.m */ = {isa = PBXFileReference; fileEncoding = 4; lastKnownFileType = sourcecode.c.objc; path = iCarousel.m; sourceTree = "<group>"; };
		48D701B51EF4741200FD0EE8 /* iCarousel.h */ = {isa = PBXFileReference; fileEncoding = 4; lastKnownFileType = sourcecode.c.h; path = iCarousel.h; sourceTree = "<group>"; };
		4C3733521EF4275F00975977 /* iGMDb.app */ = {isa = PBXFileReference; explicitFileType = wrapper.application; includeInIndex = 0; path = iGMDb.app; sourceTree = BUILT_PRODUCTS_DIR; };
		4C3733551EF4275F00975977 /* AppDelegate.swift */ = {isa = PBXFileReference; lastKnownFileType = sourcecode.swift; path = AppDelegate.swift; sourceTree = "<group>"; };
		4C3733611EF4275F00975977 /* Info.plist */ = {isa = PBXFileReference; lastKnownFileType = text.plist.xml; path = Info.plist; sourceTree = "<group>"; };
		4C3733691EF4279A00975977 /* Assets.xcassets */ = {isa = PBXFileReference; lastKnownFileType = folder.assetcatalog; path = Assets.xcassets; sourceTree = "<group>"; };
		4C37336B1EF4279A00975977 /* Base */ = {isa = PBXFileReference; lastKnownFileType = file.storyboard; name = Base; path = Base.lproj/LaunchScreen.storyboard; sourceTree = "<group>"; };
		4C37336D1EF4279A00975977 /* Base */ = {isa = PBXFileReference; lastKnownFileType = file.storyboard; name = Base; path = Base.lproj/Main.storyboard; sourceTree = "<group>"; };
		4C37336E1EF4279A00975977 /* CarouselItem.xib */ = {isa = PBXFileReference; fileEncoding = 4; lastKnownFileType = file.xib; path = CarouselItem.xib; sourceTree = "<group>"; };
		4C37336F1EF4279A00975977 /* databaseLink.swift */ = {isa = PBXFileReference; fileEncoding = 4; lastKnownFileType = sourcecode.swift; path = databaseLink.swift; sourceTree = "<group>"; };
		4C3733701EF4279A00975977 /* FavoritesCVC.swift */ = {isa = PBXFileReference; fileEncoding = 4; lastKnownFileType = sourcecode.swift; path = FavoritesCVC.swift; sourceTree = "<group>"; };
		4C3733711EF4279A00975977 /* favoriteVC.swift */ = {isa = PBXFileReference; fileEncoding = 4; lastKnownFileType = sourcecode.swift; path = favoriteVC.swift; sourceTree = "<group>"; };
		4C3733761EF4279A00975977 /* MovieDetailVC.swift */ = {isa = PBXFileReference; fileEncoding = 4; lastKnownFileType = sourcecode.swift; path = MovieDetailVC.swift; sourceTree = "<group>"; };
		4C3733771EF4279A00975977 /* MovieListTVC.swift */ = {isa = PBXFileReference; fileEncoding = 4; lastKnownFileType = sourcecode.swift; path = MovieListTVC.swift; sourceTree = "<group>"; };
		4C3733781EF4279A00975977 /* MovieModel.swift */ = {isa = PBXFileReference; fileEncoding = 4; lastKnownFileType = sourcecode.swift; path = MovieModel.swift; sourceTree = "<group>"; };
		4C3733791EF4279A00975977 /* SettingsTVC.swift */ = {isa = PBXFileReference; fileEncoding = 4; lastKnownFileType = sourcecode.swift; path = SettingsTVC.swift; sourceTree = "<group>"; };
		4C37337A1EF4279A00975977 /* SplashViewController.swift */ = {isa = PBXFileReference; fileEncoding = 4; lastKnownFileType = sourcecode.swift; path = SplashViewController.swift; sourceTree = "<group>"; };
		68136CF67B6A3FA00682AF2A /* Pods-iGMDb.debug.xcconfig */ = {isa = PBXFileReference; includeInIndex = 1; lastKnownFileType = text.xcconfig; name = "Pods-iGMDb.debug.xcconfig"; path = "../Pods/Target Support Files/Pods-iGMDb/Pods-iGMDb.debug.xcconfig"; sourceTree = "<group>"; };
		841C270A1EF523F500FB8A7A /* MovieTableViewCell.swift */ = {isa = PBXFileReference; fileEncoding = 4; lastKnownFileType = sourcecode.swift; path = MovieTableViewCell.swift; sourceTree = "<group>"; };
		84E3C5321EF43A7F001088B0 /* SQLite.framework */ = {isa = PBXFileReference; lastKnownFileType = wrapper.framework; name = SQLite.framework; path = "../../../Library/Developer/Xcode/DerivedData/iGMDb-elrirhgcbiifwyetlgdgealwlxry/Build/Products/Debug-iphonesimulator/SQLite.swift/SQLite.framework"; sourceTree = "<group>"; };
		84E3C5331EF43A7F001088B0 /* YouTubePlayer.framework */ = {isa = PBXFileReference; lastKnownFileType = wrapper.framework; name = YouTubePlayer.framework; path = "../../../Library/Developer/Xcode/DerivedData/iGMDb-elrirhgcbiifwyetlgdgealwlxry/Build/Products/Debug-iphonesimulator/YouTubePlayer/YouTubePlayer.framework"; sourceTree = "<group>"; };
		84E3C5361EF43A86001088B0 /* QuartzCore.framework */ = {isa = PBXFileReference; lastKnownFileType = wrapper.framework; name = QuartzCore.framework; path = System/Library/Frameworks/QuartzCore.framework; sourceTree = SDKROOT; };
		89350CE34E8CB7DFA9B95F5C /* Pods_iGMDb.framework */ = {isa = PBXFileReference; explicitFileType = wrapper.framework; includeInIndex = 0; path = Pods_iGMDb.framework; sourceTree = BUILT_PRODUCTS_DIR; };
/* End PBXFileReference section */

/* Begin PBXFrameworksBuildPhase section */
		4C37334F1EF4275F00975977 /* Frameworks */ = {
			isa = PBXFrameworksBuildPhase;
			buildActionMask = 2147483647;
			files = (
				48390AD61EF6DA2700F71414 /* FBSDKLoginKit.framework in Frameworks */,
				84E3C5371EF43A86001088B0 /* QuartzCore.framework in Frameworks */,
				84E3C5341EF43A7F001088B0 /* SQLite.framework in Frameworks */,
				84E3C5351EF43A7F001088B0 /* YouTubePlayer.framework in Frameworks */,
				78D77A873FB9F0DA8F55B97B /* Pods_iGMDb.framework in Frameworks */,
				48390AD81EF6DA2A00F71414 /* FBSDKShareKit.framework in Frameworks */,
				48390ADD1EF6EE7800F71414 /* FBSDKMessengerShareKit.framework in Frameworks */,
				48390ADA1EF6DA3000F71414 /* Bolts.framework in Frameworks */,
				48390AD41EF6DA2400F71414 /* FBSDKCoreKit.framework in Frameworks */,
			);
			runOnlyForDeploymentPostprocessing = 0;
		};
/* End PBXFrameworksBuildPhase section */

/* Begin PBXGroup section */
		48CCC4781EF462BC00A668E9 /* DataAccess */ = {
			isa = PBXGroup;
			children = (
				4C37336F1EF4279A00975977 /* databaseLink.swift */,
			);
			path = DataAccess;
			sourceTree = "<group>";
		};
		48CCC4791EF462D200A668E9 /* Movies */ = {
			isa = PBXGroup;
			children = (
				4C3733761EF4279A00975977 /* MovieDetailVC.swift */,
				4C3733771EF4279A00975977 /* MovieListTVC.swift */,
				841C270A1EF523F500FB8A7A /* MovieTableViewCell.swift */,
				48B7AE371EF748A800E6050D /* SearchCollectionViewCell.swift */,
			);
			path = Movies;
			sourceTree = "<group>";
		};
		48CCC47A1EF4631800A668E9 /* Favorites */ = {
			isa = PBXGroup;
			children = (
				4C37336E1EF4279A00975977 /* CarouselItem.xib */,
				4C3733701EF4279A00975977 /* FavoritesCVC.swift */,
				4C3733711EF4279A00975977 /* favoriteVC.swift */,
			);
			path = Favorites;
			sourceTree = "<group>";
		};
		48CCC47B1EF4633300A668E9 /* Model */ = {
			isa = PBXGroup;
			children = (
				4C3733781EF4279A00975977 /* MovieModel.swift */,
			);
			path = Model;
			sourceTree = "<group>";
		};
		48CCC47C1EF4633A00A668E9 /* Settings */ = {
			isa = PBXGroup;
			children = (
				4C3733791EF4279A00975977 /* SettingsTVC.swift */,
			);
			path = Settings;
			sourceTree = "<group>";
		};
		48CCC47D1EF4635400A668E9 /* Storyboards */ = {
			isa = PBXGroup;
			children = (
				48BD83DF1EF5BBCD00E5A06B /* ListItemViewCell.xib */,
				4C37336A1EF4279A00975977 /* LaunchScreen.storyboard */,
				4C37336C1EF4279A00975977 /* Main.storyboard */,
				48B7AE351EF745B900E6050D /* SearchListItemCell.xib */,
			);
			path = Storyboards;
			sourceTree = "<group>";
		};
		48CCC47E1EF4636700A668E9 /* Global */ = {
			isa = PBXGroup;
			children = (
				4C3733551EF4275F00975977 /* AppDelegate.swift */,
				4C37337A1EF4279A00975977 /* SplashViewController.swift */,
			);
			path = Global;
			sourceTree = "<group>";
		};
		4C3733491EF4275F00975977 = {
			isa = PBXGroup;
			children = (
				809D59306066DB4C71B48F41 /* Frameworks */,
				C8E77C516B5429711176E67A /* Pods */,
				4C3733531EF4275F00975977 /* Products */,
				4C3733541EF4275F00975977 /* iGMDb */,
			);
			sourceTree = "<group>";
		};
		4C3733531EF4275F00975977 /* Products */ = {
			isa = PBXGroup;
			children = (
				4C3733521EF4275F00975977 /* iGMDb.app */,
			);
			name = Products;
			sourceTree = "<group>";
		};
		4C3733541EF4275F00975977 /* iGMDb */ = {
			isa = PBXGroup;
			children = (
				48CCC4781EF462BC00A668E9 /* DataAccess */,
				48CCC47A1EF4631800A668E9 /* Favorites */,
				48CCC47E1EF4636700A668E9 /* Global */,
				48CCC47B1EF4633300A668E9 /* Model */,
				48CCC4791EF462D200A668E9 /* Movies */,
				48CCC47C1EF4633A00A668E9 /* Settings */,
				48CCC47D1EF4635400A668E9 /* Storyboards */,
				84E3C53C1EF43B7C001088B0 /* iCarousel */,
				4C3733691EF4279A00975977 /* Assets.xcassets */,
				4C3733611EF4275F00975977 /* Info.plist */,
			);
			path = iGMDb;
			sourceTree = "<group>";
		};
		809D59306066DB4C71B48F41 /* Frameworks */ = {
			isa = PBXGroup;
			children = (
				48390ADC1EF6EE7800F71414 /* FBSDKMessengerShareKit.framework */,
				48390AD91EF6DA3000F71414 /* Bolts.framework */,
				48390AD71EF6DA2A00F71414 /* FBSDKShareKit.framework */,
				48390AD51EF6DA2700F71414 /* FBSDKLoginKit.framework */,
				48390AD31EF6DA2400F71414 /* FBSDKCoreKit.framework */,
				84E3C5361EF43A86001088B0 /* QuartzCore.framework */,
				84E3C5321EF43A7F001088B0 /* SQLite.framework */,
				84E3C5331EF43A7F001088B0 /* YouTubePlayer.framework */,
				89350CE34E8CB7DFA9B95F5C /* Pods_iGMDb.framework */,
			);
			name = Frameworks;
			sourceTree = "<group>";
		};
		84E3C53C1EF43B7C001088B0 /* iCarousel */ = {
			isa = PBXGroup;
			children = (
				48D701B41EF4741200FD0EE8 /* iCarousel.m */,
				48D701B51EF4741200FD0EE8 /* iCarousel.h */,
				48D701B31EF4741100FD0EE8 /* iGMDb-Bridging-Header.h */,
			);
			path = iCarousel;
			sourceTree = "<group>";
		};
		C8E77C516B5429711176E67A /* Pods */ = {
			isa = PBXGroup;
			children = (
				68136CF67B6A3FA00682AF2A /* Pods-iGMDb.debug.xcconfig */,
				0E3752BF2E14F69DD3CF2C88 /* Pods-iGMDb.release.xcconfig */,
			);
			name = Pods;
			sourceTree = "<group>";
		};
/* End PBXGroup section */

/* Begin PBXNativeTarget section */
		4C3733511EF4275F00975977 /* iGMDb */ = {
			isa = PBXNativeTarget;
			buildConfigurationList = 4C3733641EF4275F00975977 /* Build configuration list for PBXNativeTarget "iGMDb" */;
			buildPhases = (
				4933AACA5FC0B1BDA4C77C29 /* [CP] Check Pods Manifest.lock */,
				4C37334E1EF4275F00975977 /* Sources */,
				4C37334F1EF4275F00975977 /* Frameworks */,
				4C3733501EF4275F00975977 /* Resources */,
				BB9D9A03EAAC3C7B32294046 /* [CP] Embed Pods Frameworks */,
				7925B9CE6FEEC806FA85E2C8 /* [CP] Copy Pods Resources */,
			);
			buildRules = (
			);
			dependencies = (
			);
			name = iGMDb;
			productName = iGMDb;
			productReference = 4C3733521EF4275F00975977 /* iGMDb.app */;
			productType = "com.apple.product-type.application";
		};
/* End PBXNativeTarget section */

/* Begin PBXProject section */
		4C37334A1EF4275F00975977 /* Project object */ = {
			isa = PBXProject;
			attributes = {
				LastSwiftUpdateCheck = 0810;
				LastUpgradeCheck = 0810;
				ORGANIZATIONNAME = epita;
				TargetAttributes = {
					4C3733511EF4275F00975977 = {
						CreatedOnToolsVersion = 8.1;
						DevelopmentTeam = UTD53L9DP6;
						LastSwiftMigration = 0820;
						ProvisioningStyle = Automatic;
					};
				};
			};
			buildConfigurationList = 4C37334D1EF4275F00975977 /* Build configuration list for PBXProject "iGMDb" */;
			compatibilityVersion = "Xcode 3.2";
			developmentRegion = English;
			hasScannedForEncodings = 0;
			knownRegions = (
				en,
				Base,
			);
			mainGroup = 4C3733491EF4275F00975977;
			productRefGroup = 4C3733531EF4275F00975977 /* Products */;
			projectDirPath = "";
			projectRoot = "";
			targets = (
				4C3733511EF4275F00975977 /* iGMDb */,
			);
		};
/* End PBXProject section */

/* Begin PBXResourcesBuildPhase section */
		4C3733501EF4275F00975977 /* Resources */ = {
			isa = PBXResourcesBuildPhase;
			buildActionMask = 2147483647;
			files = (
				4C3733801EF4279A00975977 /* CarouselItem.xib in Resources */,
				4C37337D1EF4279A00975977 /* Assets.xcassets in Resources */,
				48BD83E01EF5BBCD00E5A06B /* ListItemViewCell.xib in Resources */,
				4C37337F1EF4279A00975977 /* Main.storyboard in Resources */,
				48B7AE361EF745B900E6050D /* SearchListItemCell.xib in Resources */,
				4C37337E1EF4279A00975977 /* LaunchScreen.storyboard in Resources */,
			);
			runOnlyForDeploymentPostprocessing = 0;
		};
/* End PBXResourcesBuildPhase section */

/* Begin PBXShellScriptBuildPhase section */
		4933AACA5FC0B1BDA4C77C29 /* [CP] Check Pods Manifest.lock */ = {
			isa = PBXShellScriptBuildPhase;
			buildActionMask = 2147483647;
			files = (
			);
			inputPaths = (
			);
			name = "[CP] Check Pods Manifest.lock";
			outputPaths = (
			);
			runOnlyForDeploymentPostprocessing = 0;
			shellPath = /bin/sh;
			shellScript = "diff \"${PODS_PODFILE_DIR_PATH}/Podfile.lock\" \"${PODS_ROOT}/Manifest.lock\" > /dev/null\nif [ $? != 0 ] ; then\n    # print error to STDERR\n    echo \"error: The sandbox is not in sync with the Podfile.lock. Run 'pod install' or update your CocoaPods installation.\" >&2\n    exit 1\nfi\n";
			showEnvVarsInLog = 0;
		};
		7925B9CE6FEEC806FA85E2C8 /* [CP] Copy Pods Resources */ = {
			isa = PBXShellScriptBuildPhase;
			buildActionMask = 2147483647;
			files = (
			);
			inputPaths = (
			);
			name = "[CP] Copy Pods Resources";
			outputPaths = (
			);
			runOnlyForDeploymentPostprocessing = 0;
			shellPath = /bin/sh;
			shellScript = "\"${SRCROOT}/../Pods/Target Support Files/Pods-iGMDb/Pods-iGMDb-resources.sh\"\n";
			showEnvVarsInLog = 0;
		};
		BB9D9A03EAAC3C7B32294046 /* [CP] Embed Pods Frameworks */ = {
			isa = PBXShellScriptBuildPhase;
			buildActionMask = 2147483647;
			files = (
			);
			inputPaths = (
			);
			name = "[CP] Embed Pods Frameworks";
			outputPaths = (
			);
			runOnlyForDeploymentPostprocessing = 0;
			shellPath = /bin/sh;
			shellScript = "\"${SRCROOT}/../Pods/Target Support Files/Pods-iGMDb/Pods-iGMDb-frameworks.sh\"\n";
			showEnvVarsInLog = 0;
		};
/* End PBXShellScriptBuildPhase section */

/* Begin PBXSourcesBuildPhase section */
		4C37334E1EF4275F00975977 /* Sources */ = {
			isa = PBXSourcesBuildPhase;
			buildActionMask = 2147483647;
			files = (
				4C3733871EF4279A00975977 /* MovieListTVC.swift in Sources */,
				48D701B61EF4741200FD0EE8 /* iCarousel.m in Sources */,
				48B7AE381EF748A800E6050D /* SearchCollectionViewCell.swift in Sources */,
				4C3733811EF4279A00975977 /* databaseLink.swift in Sources */,
				4C3733881EF4279A00975977 /* MovieModel.swift in Sources */,
				4C37338A1EF4279A00975977 /* SplashViewController.swift in Sources */,
				4C3733821EF4279A00975977 /* FavoritesCVC.swift in Sources */,
				4C3733861EF4279A00975977 /* MovieDetailVC.swift in Sources */,
				4C3733891EF4279A00975977 /* SettingsTVC.swift in Sources */,
				4C3733831EF4279A00975977 /* favoriteVC.swift in Sources */,
				841C270B1EF523F500FB8A7A /* MovieTableViewCell.swift in Sources */,
				4C3733561EF4275F00975977 /* AppDelegate.swift in Sources */,
			);
			runOnlyForDeploymentPostprocessing = 0;
		};
/* End PBXSourcesBuildPhase section */

/* Begin PBXVariantGroup section */
		4C37336A1EF4279A00975977 /* LaunchScreen.storyboard */ = {
			isa = PBXVariantGroup;
			children = (
				4C37336B1EF4279A00975977 /* Base */,
			);
			name = LaunchScreen.storyboard;
			path = .;
			sourceTree = "<group>";
		};
		4C37336C1EF4279A00975977 /* Main.storyboard */ = {
			isa = PBXVariantGroup;
			children = (
				4C37336D1EF4279A00975977 /* Base */,
			);
			name = Main.storyboard;
			path = .;
			sourceTree = "<group>";
		};
/* End PBXVariantGroup section */

/* Begin XCBuildConfiguration section */
		4C3733621EF4275F00975977 /* Debug */ = {
			isa = XCBuildConfiguration;
			buildSettings = {
				ALWAYS_SEARCH_USER_PATHS = NO;
				CLANG_ANALYZER_NONNULL = YES;
				CLANG_CXX_LANGUAGE_STANDARD = "gnu++0x";
				CLANG_CXX_LIBRARY = "libc++";
				CLANG_ENABLE_MODULES = YES;
				CLANG_ENABLE_OBJC_ARC = YES;
				CLANG_WARN_BOOL_CONVERSION = YES;
				CLANG_WARN_CONSTANT_CONVERSION = YES;
				CLANG_WARN_DIRECT_OBJC_ISA_USAGE = YES_ERROR;
				CLANG_WARN_DOCUMENTATION_COMMENTS = YES;
				CLANG_WARN_EMPTY_BODY = YES;
				CLANG_WARN_ENUM_CONVERSION = YES;
				CLANG_WARN_INFINITE_RECURSION = YES;
				CLANG_WARN_INT_CONVERSION = YES;
				CLANG_WARN_OBJC_ROOT_CLASS = YES_ERROR;
				CLANG_WARN_SUSPICIOUS_MOVES = YES;
				CLANG_WARN_UNREACHABLE_CODE = YES;
				CLANG_WARN__DUPLICATE_METHOD_MATCH = YES;
				"CODE_SIGN_IDENTITY[sdk=iphoneos*]" = "iPhone Developer";
				COPY_PHASE_STRIP = NO;
				DEBUG_INFORMATION_FORMAT = dwarf;
				ENABLE_STRICT_OBJC_MSGSEND = YES;
				ENABLE_TESTABILITY = YES;
				GCC_C_LANGUAGE_STANDARD = gnu99;
				GCC_DYNAMIC_NO_PIC = NO;
				GCC_NO_COMMON_BLOCKS = YES;
				GCC_OPTIMIZATION_LEVEL = 0;
				GCC_PREPROCESSOR_DEFINITIONS = (
					"DEBUG=1",
					"$(inherited)",
				);
				GCC_WARN_64_TO_32_BIT_CONVERSION = YES;
				GCC_WARN_ABOUT_RETURN_TYPE = YES_ERROR;
				GCC_WARN_UNDECLARED_SELECTOR = YES;
				GCC_WARN_UNINITIALIZED_AUTOS = YES_AGGRESSIVE;
				GCC_WARN_UNUSED_FUNCTION = YES;
				GCC_WARN_UNUSED_VARIABLE = YES;
				IPHONEOS_DEPLOYMENT_TARGET = 10.1;
				MTL_ENABLE_DEBUG_INFO = YES;
				ONLY_ACTIVE_ARCH = YES;
				SDKROOT = iphoneos;
				SWIFT_ACTIVE_COMPILATION_CONDITIONS = DEBUG;
				SWIFT_OPTIMIZATION_LEVEL = "-Onone";
				TARGETED_DEVICE_FAMILY = "1,2";
			};
			name = Debug;
		};
		4C3733631EF4275F00975977 /* Release */ = {
			isa = XCBuildConfiguration;
			buildSettings = {
				ALWAYS_SEARCH_USER_PATHS = NO;
				CLANG_ANALYZER_NONNULL = YES;
				CLANG_CXX_LANGUAGE_STANDARD = "gnu++0x";
				CLANG_CXX_LIBRARY = "libc++";
				CLANG_ENABLE_MODULES = YES;
				CLANG_ENABLE_OBJC_ARC = YES;
				CLANG_WARN_BOOL_CONVERSION = YES;
				CLANG_WARN_CONSTANT_CONVERSION = YES;
				CLANG_WARN_DIRECT_OBJC_ISA_USAGE = YES_ERROR;
				CLANG_WARN_DOCUMENTATION_COMMENTS = YES;
				CLANG_WARN_EMPTY_BODY = YES;
				CLANG_WARN_ENUM_CONVERSION = YES;
				CLANG_WARN_INFINITE_RECURSION = YES;
				CLANG_WARN_INT_CONVERSION = YES;
				CLANG_WARN_OBJC_ROOT_CLASS = YES_ERROR;
				CLANG_WARN_SUSPICIOUS_MOVES = YES;
				CLANG_WARN_UNREACHABLE_CODE = YES;
				CLANG_WARN__DUPLICATE_METHOD_MATCH = YES;
				"CODE_SIGN_IDENTITY[sdk=iphoneos*]" = "iPhone Developer";
				COPY_PHASE_STRIP = NO;
				DEBUG_INFORMATION_FORMAT = "dwarf-with-dsym";
				ENABLE_NS_ASSERTIONS = NO;
				ENABLE_STRICT_OBJC_MSGSEND = YES;
				GCC_C_LANGUAGE_STANDARD = gnu99;
				GCC_NO_COMMON_BLOCKS = YES;
				GCC_WARN_64_TO_32_BIT_CONVERSION = YES;
				GCC_WARN_ABOUT_RETURN_TYPE = YES_ERROR;
				GCC_WARN_UNDECLARED_SELECTOR = YES;
				GCC_WARN_UNINITIALIZED_AUTOS = YES_AGGRESSIVE;
				GCC_WARN_UNUSED_FUNCTION = YES;
				GCC_WARN_UNUSED_VARIABLE = YES;
				IPHONEOS_DEPLOYMENT_TARGET = 10.1;
				MTL_ENABLE_DEBUG_INFO = NO;
				SDKROOT = iphoneos;
				SWIFT_OPTIMIZATION_LEVEL = "-Owholemodule";
				TARGETED_DEVICE_FAMILY = "1,2";
				VALIDATE_PRODUCT = YES;
			};
			name = Release;
		};
		4C3733651EF4275F00975977 /* Debug */ = {
			isa = XCBuildConfiguration;
			baseConfigurationReference = 68136CF67B6A3FA00682AF2A /* Pods-iGMDb.debug.xcconfig */;
			buildSettings = {
				ALWAYS_SEARCH_USER_PATHS = YES;
				ASSETCATALOG_COMPILER_APPICON_NAME = AppIcon;
				CLANG_ALLOW_NON_MODULAR_INCLUDES_IN_FRAMEWORK_MODULES = YES;
				CLANG_ENABLE_MODULES = YES;
				DEVELOPMENT_TEAM = UTD53L9DP6;
				FRAMEWORK_SEARCH_PATHS = (
					"$(inherited)",
					"\"$PODS_CONFIGURATION_BUILD_DIR/SQLite.swift\"",
					"\"$PODS_CONFIGURATION_BUILD_DIR/YouTubePlayer\"",
					"\"$PODS_CONFIGURATION_BUILD_DIR/pop\"",
					"~/Documents/FacebookSDK/**",
				);
				INFOPLIST_FILE = iGMDb/Info.plist;
				IPHONEOS_DEPLOYMENT_TARGET = 8.0;
				LD_RUNPATH_SEARCH_PATHS = "$(inherited) @executable_path/Frameworks";
				PRODUCT_BUNDLE_IDENTIFIER = com.epita.iGMDb;
				PRODUCT_NAME = "$(TARGET_NAME)";
				SWIFT_OBJC_BRIDGING_HEADER = "iGMDb/iCarousel/iGMDb-Bridging-Header.h";
				SWIFT_OPTIMIZATION_LEVEL = "-Onone";
				SWIFT_VERSION = 3.0;
			};
			name = Debug;
		};
		4C3733661EF4275F00975977 /* Release */ = {
			isa = XCBuildConfiguration;
			baseConfigurationReference = 0E3752BF2E14F69DD3CF2C88 /* Pods-iGMDb.release.xcconfig */;
			buildSettings = {
				ALWAYS_SEARCH_USER_PATHS = YES;
				ASSETCATALOG_COMPILER_APPICON_NAME = AppIcon;
				CLANG_ALLOW_NON_MODULAR_INCLUDES_IN_FRAMEWORK_MODULES = YES;
				CLANG_ENABLE_MODULES = YES;
				DEVELOPMENT_TEAM = UTD53L9DP6;
				FRAMEWORK_SEARCH_PATHS = (
					"$(inherited)",
					"\"$PODS_CONFIGURATION_BUILD_DIR/SQLite.swift\"",
					"\"$PODS_CONFIGURATION_BUILD_DIR/YouTubePlayer\"",
					"\"$PODS_CONFIGURATION_BUILD_DIR/pop\"",
					"~/Documents/FacebookSDK/**",
				);
				INFOPLIST_FILE = iGMDb/Info.plist;
				IPHONEOS_DEPLOYMENT_TARGET = 8.0;
				LD_RUNPATH_SEARCH_PATHS = "$(inherited) @executable_path/Frameworks";
				PRODUCT_BUNDLE_IDENTIFIER = com.epita.iGMDb;
				PRODUCT_NAME = "$(TARGET_NAME)";
				SWIFT_OBJC_BRIDGING_HEADER = "iGMDb/iCarousel/iGMDb-Bridging-Header.h";
				SWIFT_VERSION = 3.0;
			};
			name = Release;
		};
/* End XCBuildConfiguration section */

/* Begin XCConfigurationList section */
		4C37334D1EF4275F00975977 /* Build configuration list for PBXProject "iGMDb" */ = {
			isa = XCConfigurationList;
			buildConfigurations = (
				4C3733621EF4275F00975977 /* Debug */,
				4C3733631EF4275F00975977 /* Release */,
			);
			defaultConfigurationIsVisible = 0;
			defaultConfigurationName = Release;
		};
		4C3733641EF4275F00975977 /* Build configuration list for PBXNativeTarget "iGMDb" */ = {
			isa = XCConfigurationList;
			buildConfigurations = (
				4C3733651EF4275F00975977 /* Debug */,
				4C3733661EF4275F00975977 /* Release */,
			);
			defaultConfigurationIsVisible = 0;
			defaultConfigurationName = Release;
		};
/* End XCConfigurationList section */
	};
	rootObject = 4C37334A1EF4275F00975977 /* Project object */;
}
